// !$*UTF8*$!
{
	archiveVersion = 1;
	classes = {
	};
	objectVersion = 46;
	objects = {

/* Begin PBXBuildFile section */
		C30404C11D87EF41004BAF2D /* AppDelegate.swift in Sources */ = {isa = PBXBuildFile; fileRef = C30404C01D87EF41004BAF2D /* AppDelegate.swift */; };
		C30404C31D87EF41004BAF2D /* ViewController.swift in Sources */ = {isa = PBXBuildFile; fileRef = C30404C21D87EF41004BAF2D /* ViewController.swift */; };
		C30404C61D87EF41004BAF2D /* Main.storyboard in Resources */ = {isa = PBXBuildFile; fileRef = C30404C41D87EF41004BAF2D /* Main.storyboard */; };
		C30404C81D87EF41004BAF2D /* Assets.xcassets in Resources */ = {isa = PBXBuildFile; fileRef = C30404C71D87EF41004BAF2D /* Assets.xcassets */; };
		C30404CB1D87EF41004BAF2D /* LaunchScreen.storyboard in Resources */ = {isa = PBXBuildFile; fileRef = C30404C91D87EF41004BAF2D /* LaunchScreen.storyboard */; };
		C30404D51D87F184004BAF2D /* SnapKit.framework in Frameworks */ = {isa = PBXBuildFile; fileRef = C30404D31D87F17C004BAF2D /* SnapKit.framework */; };
		C30404D61D87F184004BAF2D /* SnapKit.framework in Embed Frameworks */ = {isa = PBXBuildFile; fileRef = C30404D31D87F17C004BAF2D /* SnapKit.framework */; settings = {ATTRIBUTES = (CodeSignOnCopy, RemoveHeadersOnCopy, ); }; };
		C30404DA1D87F266004BAF2D /* UIChain.swift in Sources */ = {isa = PBXBuildFile; fileRef = C30404D91D87F266004BAF2D /* UIChain.swift */; };
		C30404DC1D87F2CB004BAF2D /* NetworkResult.swift in Sources */ = {isa = PBXBuildFile; fileRef = C30404DB1D87F2CB004BAF2D /* NetworkResult.swift */; };
		C30404DE1D87F2E2004BAF2D /* Namespace.swift in Sources */ = {isa = PBXBuildFile; fileRef = C30404DD1D87F2E2004BAF2D /* Namespace.swift */; };
		C3DAFD061D90131A00F83608 /* StringExtension.swift in Sources */ = {isa = PBXBuildFile; fileRef = C3DAFD051D90131A00F83608 /* StringExtension.swift */; };
/* End PBXBuildFile section */

/* Begin PBXCopyFilesBuildPhase section */
		C30404D71D87F184004BAF2D /* Embed Frameworks */ = {
			isa = PBXCopyFilesBuildPhase;
			buildActionMask = 2147483647;
			dstPath = "";
			dstSubfolderSpec = 10;
			files = (
				C30404D61D87F184004BAF2D /* SnapKit.framework in Embed Frameworks */,
			);
			name = "Embed Frameworks";
			runOnlyForDeploymentPostprocessing = 0;
		};
/* End PBXCopyFilesBuildPhase section */

/* Begin PBXFileReference section */
		C30404BD1D87EF41004BAF2D /* SwiftChainingDemo.app */ = {isa = PBXFileReference; explicitFileType = wrapper.application; includeInIndex = 0; path = SwiftChainingDemo.app; sourceTree = BUILT_PRODUCTS_DIR; };
		C30404C01D87EF41004BAF2D /* AppDelegate.swift */ = {isa = PBXFileReference; lastKnownFileType = sourcecode.swift; path = AppDelegate.swift; sourceTree = "<group>"; };
		C30404C21D87EF41004BAF2D /* ViewController.swift */ = {isa = PBXFileReference; lastKnownFileType = sourcecode.swift; path = ViewController.swift; sourceTree = "<group>"; };
		C30404C51D87EF41004BAF2D /* Base */ = {isa = PBXFileReference; lastKnownFileType = file.storyboard; name = Base; path = Base.lproj/Main.storyboard; sourceTree = "<group>"; };
		C30404C71D87EF41004BAF2D /* Assets.xcassets */ = {isa = PBXFileReference; lastKnownFileType = folder.assetcatalog; path = Assets.xcassets; sourceTree = "<group>"; };
		C30404CA1D87EF41004BAF2D /* Base */ = {isa = PBXFileReference; lastKnownFileType = file.storyboard; name = Base; path = Base.lproj/LaunchScreen.storyboard; sourceTree = "<group>"; };
		C30404CC1D87EF41004BAF2D /* Info.plist */ = {isa = PBXFileReference; lastKnownFileType = text.plist.xml; path = Info.plist; sourceTree = "<group>"; };
		C30404D31D87F17C004BAF2D /* SnapKit.framework */ = {isa = PBXFileReference; lastKnownFileType = wrapper.framework; name = SnapKit.framework; path = Carthage/Build/iOS/SnapKit.framework; sourceTree = "<group>"; };
		C30404D91D87F266004BAF2D /* UIChain.swift */ = {isa = PBXFileReference; fileEncoding = 4; lastKnownFileType = sourcecode.swift; path = UIChain.swift; sourceTree = "<group>"; };
		C30404DB1D87F2CB004BAF2D /* NetworkResult.swift */ = {isa = PBXFileReference; fileEncoding = 4; lastKnownFileType = sourcecode.swift; path = NetworkResult.swift; sourceTree = "<group>"; };
		C30404DD1D87F2E2004BAF2D /* Namespace.swift */ = {isa = PBXFileReference; fileEncoding = 4; lastKnownFileType = sourcecode.swift; path = Namespace.swift; sourceTree = "<group>"; };
		C3DAFD051D90131A00F83608 /* StringExtension.swift */ = {isa = PBXFileReference; fileEncoding = 4; lastKnownFileType = sourcecode.swift; path = StringExtension.swift; sourceTree = "<group>"; };
/* End PBXFileReference section */

/* Begin PBXFrameworksBuildPhase section */
		C30404BA1D87EF41004BAF2D /* Frameworks */ = {
			isa = PBXFrameworksBuildPhase;
			buildActionMask = 2147483647;
			files = (
				C30404D51D87F184004BAF2D /* SnapKit.framework in Frameworks */,
			);
			runOnlyForDeploymentPostprocessing = 0;
		};
/* End PBXFrameworksBuildPhase section */

/* Begin PBXGroup section */
		C30404B41D87EF41004BAF2D = {
			isa = PBXGroup;
			children = (
				C30404D81D87F233004BAF2D /* Core */,
				C30404D21D87F162004BAF2D /* Frameworks */,
				C30404BF1D87EF41004BAF2D /* SwiftChainingDemo */,
				C30404BE1D87EF41004BAF2D /* Products */,
			);
			sourceTree = "<group>";
		};
		C30404BE1D87EF41004BAF2D /* Products */ = {
			isa = PBXGroup;
			children = (
				C30404BD1D87EF41004BAF2D /* SwiftChainingDemo.app */,
			);
			name = Products;
			sourceTree = "<group>";
		};
		C30404BF1D87EF41004BAF2D /* SwiftChainingDemo */ = {
			isa = PBXGroup;
			children = (
				C30404C01D87EF41004BAF2D /* AppDelegate.swift */,
				C30404C21D87EF41004BAF2D /* ViewController.swift */,
				C30404C41D87EF41004BAF2D /* Main.storyboard */,
				C30404C71D87EF41004BAF2D /* Assets.xcassets */,
				C30404C91D87EF41004BAF2D /* LaunchScreen.storyboard */,
				C30404CC1D87EF41004BAF2D /* Info.plist */,
			);
			path = SwiftChainingDemo;
			sourceTree = "<group>";
		};
		C30404D21D87F162004BAF2D /* Frameworks */ = {
			isa = PBXGroup;
			children = (
				C30404D31D87F17C004BAF2D /* SnapKit.framework */,
			);
			name = Frameworks;
			sourceTree = "<group>";
		};
		C30404D81D87F233004BAF2D /* Core */ = {
			isa = PBXGroup;
			children = (
				C30404D91D87F266004BAF2D /* UIChain.swift */,
				C30404DB1D87F2CB004BAF2D /* NetworkResult.swift */,
				C30404DD1D87F2E2004BAF2D /* Namespace.swift */,
				C3DAFD051D90131A00F83608 /* StringExtension.swift */,
			);
			path = Core;
			sourceTree = "<group>";
		};
/* End PBXGroup section */

/* Begin PBXNativeTarget section */
		C30404BC1D87EF41004BAF2D /* SwiftChainingDemo */ = {
			isa = PBXNativeTarget;
			buildConfigurationList = C30404CF1D87EF41004BAF2D /* Build configuration list for PBXNativeTarget "SwiftChainingDemo" */;
			buildPhases = (
				C30404B91D87EF41004BAF2D /* Sources */,
				C30404BA1D87EF41004BAF2D /* Frameworks */,
				C30404BB1D87EF41004BAF2D /* Resources */,
				C30404D71D87F184004BAF2D /* Embed Frameworks */,
			);
			buildRules = (
			);
			dependencies = (
			);
			name = SwiftChainingDemo;
			productName = SwiftChainingDemo;
			productReference = C30404BD1D87EF41004BAF2D /* SwiftChainingDemo.app */;
			productType = "com.apple.product-type.application";
		};
/* End PBXNativeTarget section */

/* Begin PBXProject section */
		C30404B51D87EF41004BAF2D /* Project object */ = {
			isa = PBXProject;
			attributes = {
				LastSwiftUpdateCheck = 0800;
				LastUpgradeCheck = 0800;
				ORGANIZATIONNAME = nswebfrog;
				TargetAttributes = {
					C30404BC1D87EF41004BAF2D = {
						CreatedOnToolsVersion = 8.0;
						ProvisioningStyle = Automatic;
					};
				};
			};
			buildConfigurationList = C30404B81D87EF41004BAF2D /* Build configuration list for PBXProject "SwiftChainingDemo" */;
			compatibilityVersion = "Xcode 3.2";
			developmentRegion = English;
			hasScannedForEncodings = 0;
			knownRegions = (
				en,
				Base,
			);
			mainGroup = C30404B41D87EF41004BAF2D;
			productRefGroup = C30404BE1D87EF41004BAF2D /* Products */;
			projectDirPath = "";
			projectRoot = "";
			targets = (
				C30404BC1D87EF41004BAF2D /* SwiftChainingDemo */,
			);
		};
/* End PBXProject section */

/* Begin PBXResourcesBuildPhase section */
		C30404BB1D87EF41004BAF2D /* Resources */ = {
			isa = PBXResourcesBuildPhase;
			buildActionMask = 2147483647;
			files = (
				C30404CB1D87EF41004BAF2D /* LaunchScreen.storyboard in Resources */,
				C30404C81D87EF41004BAF2D /* Assets.xcassets in Resources */,
				C30404C61D87EF41004BAF2D /* Main.storyboard in Resources */,
			);
			runOnlyForDeploymentPostprocessing = 0;
		};
/* End PBXResourcesBuildPhase section */

/* Begin PBXSourcesBuildPhase section */
		C30404B91D87EF41004BAF2D /* Sources */ = {
			isa = PBXSourcesBuildPhase;
			buildActionMask = 2147483647;
			files = (
				C30404C31D87EF41004BAF2D /* ViewController.swift in Sources */,
				C30404C11D87EF41004BAF2D /* AppDelegate.swift in Sources */,
				C3DAFD061D90131A00F83608 /* StringExtension.swift in Sources */,
				C30404DA1D87F266004BAF2D /* UIChain.swift in Sources */,
				C30404DE1D87F2E2004BAF2D /* Namespace.swift in Sources */,
				C30404DC1D87F2CB004BAF2D /* NetworkResult.swift in Sources */,
			);
			runOnlyForDeploymentPostprocessing = 0;
		};
/* End PBXSourcesBuildPhase section */

/* Begin PBXVariantGroup section */
		C30404C41D87EF41004BAF2D /* Main.storyboard */ = {
			isa = PBXVariantGroup;
			children = (
				C30404C51D87EF41004BAF2D /* Base */,
			);
			name = Main.storyboard;
			sourceTree = "<group>";
		};
		C30404C91D87EF41004BAF2D /* LaunchScreen.storyboard */ = {
			isa = PBXVariantGroup;
			children = (
				C30404CA1D87EF41004BAF2D /* Base */,
			);
			name = LaunchScreen.storyboard;
			sourceTree = "<group>";
		};
/* End PBXVariantGroup section */

/* Begin XCBuildConfiguration section */
		C30404CD1D87EF41004BAF2D /* Debug */ = {
			isa = XCBuildConfiguration;
			buildSettings = {
				ALWAYS_SEARCH_USER_PATHS = NO;
				CLANG_ANALYZER_NONNULL = YES;
				CLANG_CXX_LANGUAGE_STANDARD = "gnu++0x";
				CLANG_CXX_LIBRARY = "libc++";
				CLANG_ENABLE_MODULES = YES;
				CLANG_ENABLE_OBJC_ARC = YES;
				CLANG_WARN_BOOL_CONVERSION = YES;
				CLANG_WARN_CONSTANT_CONVERSION = YES;
				CLANG_WARN_DIRECT_OBJC_ISA_USAGE = YES_ERROR;
				CLANG_WARN_DOCUMENTATION_COMMENTS = YES;
				CLANG_WARN_EMPTY_BODY = YES;
				CLANG_WARN_ENUM_CONVERSION = YES;
				CLANG_WARN_INFINITE_RECURSION = YES;
				CLANG_WARN_INT_CONVERSION = YES;
				CLANG_WARN_OBJC_ROOT_CLASS = YES_ERROR;
				CLANG_WARN_SUSPICIOUS_MOVES = YES;
				CLANG_WARN_UNREACHABLE_CODE = YES;
				CLANG_WARN__DUPLICATE_METHOD_MATCH = YES;
				"CODE_SIGN_IDENTITY[sdk=iphoneos*]" = "iPhone Developer";
				COPY_PHASE_STRIP = NO;
				DEBUG_INFORMATION_FORMAT = dwarf;
				ENABLE_STRICT_OBJC_MSGSEND = YES;
				ENABLE_TESTABILITY = YES;
				GCC_C_LANGUAGE_STANDARD = gnu99;
				GCC_DYNAMIC_NO_PIC = NO;
				GCC_NO_COMMON_BLOCKS = YES;
				GCC_OPTIMIZATION_LEVEL = 0;
				GCC_PREPROCESSOR_DEFINITIONS = (
					"DEBUG=1",
					"$(inherited)",
				);
				GCC_WARN_64_TO_32_BIT_CONVERSION = YES;
				GCC_WARN_ABOUT_RETURN_TYPE = YES_ERROR;
				GCC_WARN_UNDECLARED_SELECTOR = YES;
				GCC_WARN_UNINITIALIZED_AUTOS = YES_AGGRESSIVE;
				GCC_WARN_UNUSED_FUNCTION = YES;
				GCC_WARN_UNUSED_VARIABLE = YES;
				IPHONEOS_DEPLOYMENT_TARGET = 10.0;
				MTL_ENABLE_DEBUG_INFO = YES;
				ONLY_ACTIVE_ARCH = YES;
				SDKROOT = iphoneos;
				SWIFT_ACTIVE_COMPILATION_CONDITIONS = DEBUG;
				SWIFT_OPTIMIZATION_LEVEL = "-Onone";
			};
			name = Debug;
		};
		C30404CE1D87EF41004BAF2D /* Release */ = {
			isa = XCBuildConfiguration;
			buildSettings = {
				ALWAYS_SEARCH_USER_PATHS = NO;
				CLANG_ANALYZER_NONNULL = YES;
				CLANG_CXX_LANGUAGE_STANDARD = "gnu++0x";
				CLANG_CXX_LIBRARY = "libc++";
				CLANG_ENABLE_MODULES = YES;
				CLANG_ENABLE_OBJC_ARC = YES;
				CLANG_WARN_BOOL_CONVERSION = YES;
				CLANG_WARN_CONSTANT_CONVERSION = YES;
				CLANG_WARN_DIRECT_OBJC_ISA_USAGE = YES_ERROR;
				CLANG_WARN_DOCUMENTATION_COMMENTS = YES;
				CLANG_WARN_EMPTY_BODY = YES;
				CLANG_WARN_ENUM_CONVERSION = YES;
				CLANG_WARN_INFINITE_RECURSION = YES;
				CLANG_WARN_INT_CONVERSION = YES;
				CLANG_WARN_OBJC_ROOT_CLASS = YES_ERROR;
				CLANG_WARN_SUSPICIOUS_MOVES = YES;
				CLANG_WARN_UNREACHABLE_CODE = YES;
				CLANG_WARN__DUPLICATE_METHOD_MATCH = YES;
				"CODE_SIGN_IDENTITY[sdk=iphoneos*]" = "iPhone Developer";
				COPY_PHASE_STRIP = NO;
				DEBUG_INFORMATION_FORMAT = "dwarf-with-dsym";
				ENABLE_NS_ASSERTIONS = NO;
				ENABLE_STRICT_OBJC_MSGSEND = YES;
				GCC_C_LANGUAGE_STANDARD = gnu99;
				GCC_NO_COMMON_BLOCKS = YES;
				GCC_WARN_64_TO_32_BIT_CONVERSION = YES;
				GCC_WARN_ABOUT_RETURN_TYPE = YES_ERROR;
				GCC_WARN_UNDECLARED_SELECTOR = YES;
				GCC_WARN_UNINITIALIZED_AUTOS = YES_AGGRESSIVE;
				GCC_WARN_UNUSED_FUNCTION = YES;
				GCC_WARN_UNUSED_VARIABLE = YES;
				IPHONEOS_DEPLOYMENT_TARGET = 10.0;
				MTL_ENABLE_DEBUG_INFO = NO;
				SDKROOT = iphoneos;
				SWIFT_OPTIMIZATION_LEVEL = "-Owholemodule";
				VALIDATE_PRODUCT = YES;
			};
			name = Release;
		};
		C30404D01D87EF41004BAF2D /* Debug */ = {
			isa = XCBuildConfiguration;
			buildSettings = {
				ASSETCATALOG_COMPILER_APPICON_NAME = AppIcon;
				FRAMEWORK_SEARCH_PATHS = (
					"$(inherited)",
					"$(PROJECT_DIR)/Carthage/Build/iOS",
				);
				INFOPLIST_FILE = SwiftChainingDemo/Info.plist;
				LD_RUNPATH_SEARCH_PATHS = "$(inherited) @executable_path/Frameworks";
				PRODUCT_BUNDLE_IDENTIFIER = com.nswebfrog.SwiftChainingDemo;
				PRODUCT_NAME = "$(TARGET_NAME)";
				SWIFT_VERSION = 3.0;
			};
			name = Debug;
		};
		C30404D11D87EF41004BAF2D /* Release */ = {
			isa = XCBuildConfiguration;
			buildSettings = {
				ASSETCATALOG_COMPILER_APPICON_NAME = AppIcon;
				FRAMEWORK_SEARCH_PATHS = (
					"$(inherited)",
					"$(PROJECT_DIR)/Carthage/Build/iOS",
				);
				INFOPLIST_FILE = SwiftChainingDemo/Info.plist;
				LD_RUNPATH_SEARCH_PATHS = "$(inherited) @executable_path/Frameworks";
				PRODUCT_BUNDLE_IDENTIFIER = com.nswebfrog.SwiftChainingDemo;
				PRODUCT_NAME = "$(TARGET_NAME)";
				SWIFT_VERSION = 3.0;
			};
			name = Release;
		};
/* End XCBuildConfiguration section */

/* Begin XCConfigurationList section */
		C30404B81D87EF41004BAF2D /* Build configuration list for PBXProject "SwiftChainingDemo" */ = {
			isa = XCConfigurationList;
			buildConfigurations = (
				C30404CD1D87EF41004BAF2D /* Debug */,
				C30404CE1D87EF41004BAF2D /* Release */,
			);
			defaultConfigurationIsVisible = 0;
			defaultConfigurationName = Release;
		};
		C30404CF1D87EF41004BAF2D /* Build configuration list for PBXNativeTarget "SwiftChainingDemo" */ = {
			isa = XCConfigurationList;
			buildConfigurations = (
				C30404D01D87EF41004BAF2D /* Debug */,
				C30404D11D87EF41004BAF2D /* Release */,
			);
			defaultConfigurationIsVisible = 0;
			defaultConfigurationName = Release;
		};
/* End XCConfigurationList section */
	};
	rootObject = C30404B51D87EF41004BAF2D /* Project object */;
}
